
Microsoft Visual Studio Solution File, Format Version 12.00
# Visual Studio Version 17
VisualStudioVersion = 17.11.35208.52
MinimumVisualStudioVersion = 10.0.40219.1
Project("{FAE04EC0-301F-11D3-BF4B-00C04F79EFBC}") = "testing_core", "testing_core\testing_core.csproj", "{24E3498F-B24E-4B7D-B010-E36CF5905818}"
EndProject
Global
	GlobalSection(SolutionConfigurationPlatforms) = preSolution
		Debug|Any CPU = Debug|Any CPU
		Release|Any CPU = Release|Any CPU
	EndGlobalSection
	GlobalSection(ProjectConfigurationPlatforms) = postSolution
		{24E3498F-B24E-4B7D-B010-E36CF5905818}.Debug|Any CPU.ActiveCfg = Debug|Any CPU
		{24E3498F-B24E-4B7D-B010-E36CF5905818}.Debug|Any CPU.Build.0 = Debug|Any CPU
		{24E3498F-B24E-4B7D-B010-E36CF5905818}.Release|Any CPU.ActiveCfg = Release|Any CPU
		{24E3498F-B24E-4B7D-B010-E36CF5905818}.Release|Any CPU.Build.0 = Release|Any CPU
	EndGlobalSection
	GlobalSection(SolutionProperties) = preSolution
		HideSolutionNode = FALSE
	EndGlobalSection
	GlobalSection(ExtensibilityGlobals) = postSolution
		SolutionGuid = {96A3F01E-0F95-4E2A-9FD9-8C712CDC8614}
	EndGlobalSection
EndGlobal
